
Microsoft Visual Studio Solution File, Format Version 12.00
# Visual Studio 15
VisualStudioVersion = 15.0.28010.2048
MinimumVisualStudioVersion = 10.0.40219.1
Project("{E6C563F2-BDC2-4A24-ACBF-01715157DCBB}") = "ASAApplication", "ASAApplication\ASAApplication.asaproj", "{D6185E43-F045-4CF4-898F-BF1F61D69FF2}"
EndProject
Global
	GlobalSection(SolutionConfigurationPlatforms) = preSolution
		Debug|Any CPU = Debug|Any CPU
		Release|Any CPU = Release|Any CPU
	EndGlobalSection
	GlobalSection(ProjectConfigurationPlatforms) = postSolution
		{D6185E43-F045-4CF4-898F-BF1F61D69FF2}.Debug|Any CPU.ActiveCfg = Debug|Any CPU
		{D6185E43-F045-4CF4-898F-BF1F61D69FF2}.Debug|Any CPU.Build.0 = Debug|Any CPU
		{D6185E43-F045-4CF4-898F-BF1F61D69FF2}.Release|Any CPU.ActiveCfg = Release|Any CPU
		{D6185E43-F045-4CF4-898F-BF1F61D69FF2}.Release|Any CPU.Build.0 = Release|Any CPU
	EndGlobalSection
	GlobalSection(SolutionProperties) = preSolution
		HideSolutionNode = FALSE
	EndGlobalSection
	GlobalSection(ExtensibilityGlobals) = postSolution
		SolutionGuid = {D1A40627-CD99-4CF8-B898-D891B724C4E4}
	EndGlobalSection
EndGlobal
